
Microsoft Visual Studio Solution File, Format Version 12.00
# Visual Studio 15
VisualStudioVersion = 15.0.28307.168
MinimumVisualStudioVersion = 10.0.40219.1
Project("{FAE04EC0-301F-11D3-BF4B-00C04F79EFBC}") = "GitSample.Android", "GitSample\GitSample.Android\GitSample.Android.csproj", "{B5533E8E-1ED1-4691-BCE3-2A5E87E2FB92}"
EndProject
Project("{FAE04EC0-301F-11D3-BF4B-00C04F79EFBC}") = "GitSample.iOS", "GitSample\GitSample.iOS\GitSample.iOS.csproj", "{B6A8BC16-300B-48E4-95D0-03327E27BE46}"
EndProject
Project("{FAE04EC0-301F-11D3-BF4B-00C04F79EFBC}") = "GitSample", "GitSample\GitSample\GitSample.csproj", "{952BF8E7-1642-4E13-B12C-B29B065D7B77}"
EndProject
Global
	GlobalSection(SolutionConfigurationPlatforms) = preSolution
		Ad-Hoc|Any CPU = Ad-Hoc|Any CPU
		Ad-Hoc|iPhone = Ad-Hoc|iPhone
		Ad-Hoc|iPhoneSimulator = Ad-Hoc|iPhoneSimulator
		AppStore|Any CPU = AppStore|Any CPU
		AppStore|iPhone = AppStore|iPhone
		AppStore|iPhoneSimulator = AppStore|iPhoneSimulator
		Debug|Any CPU = Debug|Any CPU
		Debug|iPhone = Debug|iPhone
		Debug|iPhoneSimulator = Debug|iPhoneSimulator
		Release|Any CPU = Release|Any CPU
		Release|iPhone = Release|iPhone
		Release|iPhoneSimulator = Release|iPhoneSimulator
	EndGlobalSection
	GlobalSection(ProjectConfigurationPlatforms) = postSolution
		{B5533E8E-1ED1-4691-BCE3-2A5E87E2FB92}.Ad-Hoc|Any CPU.ActiveCfg = Release|Any CPU
		{B5533E8E-1ED1-4691-BCE3-2A5E87E2FB92}.Ad-Hoc|Any CPU.Build.0 = Release|Any CPU
		{B5533E8E-1ED1-4691-BCE3-2A5E87E2FB92}.Ad-Hoc|Any CPU.Deploy.0 = Release|Any CPU
		{B5533E8E-1ED1-4691-BCE3-2A5E87E2FB92}.Ad-Hoc|iPhone.ActiveCfg = Release|Any CPU
		{B5533E8E-1ED1-4691-BCE3-2A5E87E2FB92}.Ad-Hoc|iPhone.Build.0 = Release|Any CPU
		{B5533E8E-1ED1-4691-BCE3-2A5E87E2FB92}.Ad-Hoc|iPhone.Deploy.0 = Release|Any CPU
		{B5533E8E-1ED1-4691-BCE3-2A5E87E2FB92}.Ad-Hoc|iPhoneSimulator.ActiveCfg = Release|Any CPU
		{B5533E8E-1ED1-4691-BCE3-2A5E87E2FB92}.Ad-Hoc|iPhoneSimulator.Build.0 = Release|Any CPU
		{B5533E8E-1ED1-4691-BCE3-2A5E87E2FB92}.Ad-Hoc|iPhoneSimulator.Deploy.0 = Release|Any CPU
		{B5533E8E-1ED1-4691-BCE3-2A5E87E2FB92}.AppStore|Any CPU.ActiveCfg = Release|Any CPU
		{B5533E8E-1ED1-4691-BCE3-2A5E87E2FB92}.AppStore|Any CPU.Build.0 = Release|Any CPU
		{B5533E8E-1ED1-4691-BCE3-2A5E87E2FB92}.AppStore|Any CPU.Deploy.0 = Release|Any CPU
		{B5533E8E-1ED1-4691-BCE3-2A5E87E2FB92}.AppStore|iPhone.ActiveCfg = Release|Any CPU
		{B5533E8E-1ED1-4691-BCE3-2A5E87E2FB92}.AppStore|iPhone.Build.0 = Release|Any CPU
		{B5533E8E-1ED1-4691-BCE3-2A5E87E2FB92}.AppStore|iPhone.Deploy.0 = Release|Any CPU
		{B5533E8E-1ED1-4691-BCE3-2A5E87E2FB92}.AppStore|iPhoneSimulator.ActiveCfg = Release|Any CPU
		{B5533E8E-1ED1-4691-BCE3-2A5E87E2FB92}.AppStore|iPhoneSimulator.Build.0 = Release|Any CPU
		{B5533E8E-1ED1-4691-BCE3-2A5E87E2FB92}.AppStore|iPhoneSimulator.Deploy.0 = Release|Any CPU
		{B5533E8E-1ED1-4691-BCE3-2A5E87E2FB92}.Debug|Any CPU.ActiveCfg = Debug|Any CPU
		{B5533E8E-1ED1-4691-BCE3-2A5E87E2FB92}.Debug|Any CPU.Build.0 = Debug|Any CPU
		{B5533E8E-1ED1-4691-BCE3-2A5E87E2FB92}.Debug|Any CPU.Deploy.0 = Debug|Any CPU
		{B5533E8E-1ED1-4691-BCE3-2A5E87E2FB92}.Debug|iPhone.ActiveCfg = Debug|Any CPU
		{B5533E8E-1ED1-4691-BCE3-2A5E87E2FB92}.Debug|iPhone.Build.0 = Debug|Any CPU
		{B5533E8E-1ED1-4691-BCE3-2A5E87E2FB92}.Debug|iPhone.Deploy.0 = Debug|Any CPU
		{B5533E8E-1ED1-4691-BCE3-2A5E87E2FB92}.Debug|iPhoneSimulator.ActiveCfg = Debug|Any CPU
		{B5533E8E-1ED1-4691-BCE3-2A5E87E2FB92}.Debug|iPhoneSimulator.Build.0 = Debug|Any CPU
		{B5533E8E-1ED1-4691-BCE3-2A5E87E2FB92}.Debug|iPhoneSimulator.Deploy.0 = Debug|Any CPU
		{B5533E8E-1ED1-4691-BCE3-2A5E87E2FB92}.Release|Any CPU.ActiveCfg = Release|Any CPU
		{B5533E8E-1ED1-4691-BCE3-2A5E87E2FB92}.Release|Any CPU.Build.0 = Release|Any CPU
		{B5533E8E-1ED1-4691-BCE3-2A5E87E2FB92}.Release|Any CPU.Deploy.0 = Release|Any CPU
		{B5533E8E-1ED1-4691-BCE3-2A5E87E2FB92}.Release|iPhone.ActiveCfg = Release|Any CPU
		{B5533E8E-1ED1-4691-BCE3-2A5E87E2FB92}.Release|iPhone.Build.0 = Release|Any CPU
		{B5533E8E-1ED1-4691-BCE3-2A5E87E2FB92}.Release|iPhone.Deploy.0 = Release|Any CPU
		{B5533E8E-1ED1-4691-BCE3-2A5E87E2FB92}.Release|iPhoneSimulator.ActiveCfg = Release|Any CPU
		{B5533E8E-1ED1-4691-BCE3-2A5E87E2FB92}.Release|iPhoneSimulator.Build.0 = Release|Any CPU
		{B5533E8E-1ED1-4691-BCE3-2A5E87E2FB92}.Release|iPhoneSimulator.Deploy.0 = Release|Any CPU
		{B6A8BC16-300B-48E4-95D0-03327E27BE46}.Ad-Hoc|Any CPU.ActiveCfg = Ad-Hoc|iPhone
		{B6A8BC16-300B-48E4-95D0-03327E27BE46}.Ad-Hoc|Any CPU.Build.0 = Ad-Hoc|iPhone
		{B6A8BC16-300B-48E4-95D0-03327E27BE46}.Ad-Hoc|Any CPU.Deploy.0 = Ad-Hoc|iPhone
		{B6A8BC16-300B-48E4-95D0-03327E27BE46}.Ad-Hoc|iPhone.ActiveCfg = Ad-Hoc|iPhone
		{B6A8BC16-300B-48E4-95D0-03327E27BE46}.Ad-Hoc|iPhone.Build.0 = Ad-Hoc|iPhone
		{B6A8BC16-300B-48E4-95D0-03327E27BE46}.Ad-Hoc|iPhone.Deploy.0 = Ad-Hoc|iPhone
		{B6A8BC16-300B-48E4-95D0-03327E27BE46}.Ad-Hoc|iPhoneSimulator.ActiveCfg = Ad-Hoc|iPhoneSimulator
		{B6A8BC16-300B-48E4-95D0-03327E27BE46}.Ad-Hoc|iPhoneSimulator.Build.0 = Ad-Hoc|iPhoneSimulator
		{B6A8BC16-300B-48E4-95D0-03327E27BE46}.Ad-Hoc|iPhoneSimulator.Deploy.0 = Ad-Hoc|iPhoneSimulator
		{B6A8BC16-300B-48E4-95D0-03327E27BE46}.AppStore|Any CPU.ActiveCfg = AppStore|iPhone
		{B6A8BC16-300B-48E4-95D0-03327E27BE46}.AppStore|Any CPU.Build.0 = AppStore|iPhone
		{B6A8BC16-300B-48E4-95D0-03327E27BE46}.AppStore|Any CPU.Deploy.0 = AppStore|iPhone
		{B6A8BC16-300B-48E4-95D0-03327E27BE46}.AppStore|iPhone.ActiveCfg = AppStore|iPhone
		{B6A8BC16-300B-48E4-95D0-03327E27BE46}.AppStore|iPhone.Build.0 = AppStore|iPhone
		{B6A8BC16-300B-48E4-95D0-03327E27BE46}.AppStore|iPhone.Deploy.0 = AppStore|iPhone
		{B6A8BC16-300B-48E4-95D0-03327E27BE46}.AppStore|iPhoneSimulator.ActiveCfg = AppStore|iPhoneSimulator
		{B6A8BC16-300B-48E4-95D0-03327E27BE46}.AppStore|iPhoneSimulator.Build.0 = AppStore|iPhoneSimulator
		{B6A8BC16-300B-48E4-95D0-03327E27BE46}.AppStore|iPhoneSimulator.Deploy.0 = AppStore|iPhoneSimulator
		{B6A8BC16-300B-48E4-95D0-03327E27BE46}.Debug|Any CPU.ActiveCfg = Debug|iPhoneSimulator
		{B6A8BC16-300B-48E4-95D0-03327E27BE46}.Debug|Any CPU.Build.0 = Debug|iPhoneSimulator
		{B6A8BC16-300B-48E4-95D0-03327E27BE46}.Debug|Any CPU.Deploy.0 = Debug|iPhoneSimulator
		{B6A8BC16-300B-48E4-95D0-03327E27BE46}.Debug|iPhone.ActiveCfg = Debug|iPhone
		{B6A8BC16-300B-48E4-95D0-03327E27BE46}.Debug|iPhone.Build.0 = Debug|iPhone
		{B6A8BC16-300B-48E4-95D0-03327E27BE46}.Debug|iPhone.Deploy.0 = Debug|iPhone
		{B6A8BC16-300B-48E4-95D0-03327E27BE46}.Debug|iPhoneSimulator.ActiveCfg = Debug|iPhoneSimulator
		{B6A8BC16-300B-48E4-95D0-03327E27BE46}.Debug|iPhoneSimulator.Build.0 = Debug|iPhoneSimulator
		{B6A8BC16-300B-48E4-95D0-03327E27BE46}.Debug|iPhoneSimulator.Deploy.0 = Debug|iPhoneSimulator
		{B6A8BC16-300B-48E4-95D0-03327E27BE46}.Release|Any CPU.ActiveCfg = Release|iPhone
		{B6A8BC16-300B-48E4-95D0-03327E27BE46}.Release|Any CPU.Build.0 = Release|iPhone
		{B6A8BC16-300B-48E4-95D0-03327E27BE46}.Release|Any CPU.Deploy.0 = Release|iPhone
		{B6A8BC16-300B-48E4-95D0-03327E27BE46}.Release|iPhone.ActiveCfg = Release|iPhone
		{B6A8BC16-300B-48E4-95D0-03327E27BE46}.Release|iPhone.Build.0 = Release|iPhone
		{B6A8BC16-300B-48E4-95D0-03327E27BE46}.Release|iPhone.Deploy.0 = Release|iPhone
		{B6A8BC16-300B-48E4-95D0-03327E27BE46}.Release|iPhoneSimulator.ActiveCfg = Release|iPhoneSimulator
		{B6A8BC16-300B-48E4-95D0-03327E27BE46}.Release|iPhoneSimulator.Build.0 = Release|iPhoneSimulator
		{B6A8BC16-300B-48E4-95D0-03327E27BE46}.Release|iPhoneSimulator.Deploy.0 = Release|iPhoneSimulator
		{952BF8E7-1642-4E13-B12C-B29B065D7B77}.Ad-Hoc|Any CPU.ActiveCfg = Debug|Any CPU
		{952BF8E7-1642-4E13-B12C-B29B065D7B77}.Ad-Hoc|Any CPU.Build.0 = Debug|Any CPU
		{952BF8E7-1642-4E13-B12C-B29B065D7B77}.Ad-Hoc|Any CPU.Deploy.0 = Debug|Any CPU
		{952BF8E7-1642-4E13-B12C-B29B065D7B77}.Ad-Hoc|iPhone.ActiveCfg = Debug|Any CPU
		{952BF8E7-1642-4E13-B12C-B29B065D7B77}.Ad-Hoc|iPhone.Build.0 = Debug|Any CPU
		{952BF8E7-1642-4E13-B12C-B29B065D7B77}.Ad-Hoc|iPhone.Deploy.0 = Debug|Any CPU
		{952BF8E7-1642-4E13-B12C-B29B065D7B77}.Ad-Hoc|iPhoneSimulator.ActiveCfg = Debug|Any CPU
		{952BF8E7-1642-4E13-B12C-B29B065D7B77}.Ad-Hoc|iPhoneSimulator.Build.0 = Debug|Any CPU
		{952BF8E7-1642-4E13-B12C-B29B065D7B77}.Ad-Hoc|iPhoneSimulator.Deploy.0 = Debug|Any CPU
		{952BF8E7-1642-4E13-B12C-B29B065D7B77}.AppStore|Any CPU.ActiveCfg = Debug|Any CPU
		{952BF8E7-1642-4E13-B12C-B29B065D7B77}.AppStore|Any CPU.Build.0 = Debug|Any CPU
		{952BF8E7-1642-4E13-B12C-B29B065D7B77}.AppStore|Any CPU.Deploy.0 = Debug|Any CPU
		{952BF8E7-1642-4E13-B12C-B29B065D7B77}.AppStore|iPhone.ActiveCfg = Debug|Any CPU
		{952BF8E7-1642-4E13-B12C-B29B065D7B77}.AppStore|iPhone.Build.0 = Debug|Any CPU
		{952BF8E7-1642-4E13-B12C-B29B065D7B77}.AppStore|iPhone.Deploy.0 = Debug|Any CPU
		{952BF8E7-1642-4E13-B12C-B29B065D7B77}.AppStore|iPhoneSimulator.ActiveCfg = Debug|Any CPU
		{952BF8E7-1642-4E13-B12C-B29B065D7B77}.AppStore|iPhoneSimulator.Build.0 = Debug|Any CPU
		{952BF8E7-1642-4E13-B12C-B29B065D7B77}.AppStore|iPhoneSimulator.Deploy.0 = Debug|Any CPU
		{952BF8E7-1642-4E13-B12C-B29B065D7B77}.Debug|Any CPU.ActiveCfg = Debug|Any CPU
		{952BF8E7-1642-4E13-B12C-B29B065D7B77}.Debug|Any CPU.Build.0 = Debug|Any CPU
		{952BF8E7-1642-4E13-B12C-B29B065D7B77}.Debug|Any CPU.Deploy.0 = Debug|Any CPU
		{952BF8E7-1642-4E13-B12C-B29B065D7B77}.Debug|iPhone.ActiveCfg = Debug|Any CPU
		{952BF8E7-1642-4E13-B12C-B29B065D7B77}.Debug|iPhone.Build.0 = Debug|Any CPU
		{952BF8E7-1642-4E13-B12C-B29B065D7B77}.Debug|iPhone.Deploy.0 = Debug|Any CPU
		{952BF8E7-1642-4E13-B12C-B29B065D7B77}.Debug|iPhoneSimulator.ActiveCfg = Debug|Any CPU
		{952BF8E7-1642-4E13-B12C-B29B065D7B77}.Debug|iPhoneSimulator.Build.0 = Debug|Any CPU
		{952BF8E7-1642-4E13-B12C-B29B065D7B77}.Debug|iPhoneSimulator.Deploy.0 = Debug|Any CPU
		{952BF8E7-1642-4E13-B12C-B29B065D7B77}.Release|Any CPU.ActiveCfg = Release|Any CPU
		{952BF8E7-1642-4E13-B12C-B29B065D7B77}.Release|Any CPU.Build.0 = Release|Any CPU
		{952BF8E7-1642-4E13-B12C-B29B065D7B77}.Release|Any CPU.Deploy.0 = Release|Any CPU
		{952BF8E7-1642-4E13-B12C-B29B065D7B77}.Release|iPhone.ActiveCfg = Release|Any CPU
		{952BF8E7-1642-4E13-B12C-B29B065D7B77}.Release|iPhone.Build.0 = Release|Any CPU
		{952BF8E7-1642-4E13-B12C-B29B065D7B77}.Release|iPhone.Deploy.0 = Release|Any CPU
		{952BF8E7-1642-4E13-B12C-B29B065D7B77}.Release|iPhoneSimulator.ActiveCfg = Release|Any CPU
		{952BF8E7-1642-4E13-B12C-B29B065D7B77}.Release|iPhoneSimulator.Build.0 = Release|Any CPU
		{952BF8E7-1642-4E13-B12C-B29B065D7B77}.Release|iPhoneSimulator.Deploy.0 = Release|Any CPU
	EndGlobalSection
	GlobalSection(SolutionProperties) = preSolution
		HideSolutionNode = FALSE
	EndGlobalSection
	GlobalSection(ExtensibilityGlobals) = postSolution
		SolutionGuid = {CAD708C9-CCD4-423B-906F-DF69C91DFB7B}
	EndGlobalSection
EndGlobal
